
Microsoft Visual Studio Solution File, Format Version 12.00
# Visual Studio Version 16
VisualStudioVersion = 16.0.31624.102
MinimumVisualStudioVersion = 10.0.40219.1
Project("{FAE04EC0-301F-11D3-BF4B-00C04F79EFBC}") = "GettoKnowyourClassmates", "GettoKnowyourClassmates.csproj", "{55CFBBDC-980A-439A-B864-AFE1BB1386E0}"
EndProject
Global
	GlobalSection(SolutionConfigurationPlatforms) = preSolution
		Debug|Any CPU = Debug|Any CPU
		Release|Any CPU = Release|Any CPU
	EndGlobalSection
	GlobalSection(ProjectConfigurationPlatforms) = postSolution
		{55CFBBDC-980A-439A-B864-AFE1BB1386E0}.Debug|Any CPU.ActiveCfg = Debug|Any CPU
		{55CFBBDC-980A-439A-B864-AFE1BB1386E0}.Debug|Any CPU.Build.0 = Debug|Any CPU
		{55CFBBDC-980A-439A-B864-AFE1BB1386E0}.Release|Any CPU.ActiveCfg = Release|Any CPU
		{55CFBBDC-980A-439A-B864-AFE1BB1386E0}.Release|Any CPU.Build.0 = Release|Any CPU
	EndGlobalSection
	GlobalSection(SolutionProperties) = preSolution
		HideSolutionNode = FALSE
	EndGlobalSection
	GlobalSection(ExtensibilityGlobals) = postSolution
		SolutionGuid = {951EBE9B-D9F1-46F1-9A22-8EA60E3DD4F9}
	EndGlobalSection
EndGlobal
